
Microsoft Visual Studio Solution File, Format Version 12.00
# Visual Studio Version 16
VisualStudioVersion = 16.0.36324.18
MinimumVisualStudioVersion = 10.0.40219.1
Project("{FAE04EC0-301F-11D3-BF4B-00C04F79EFBC}") = "IdentityServerTest", "IdentityServerTest\IdentityServerTest.csproj", "{B7053083-AEA3-4EB1-ABE7-0CFA831FC1EE}"
EndProject
Global
	GlobalSection(SolutionConfigurationPlatforms) = preSolution
		Debug|Any CPU = Debug|Any CPU
		Release|Any CPU = Release|Any CPU
	EndGlobalSection
	GlobalSection(ProjectConfigurationPlatforms) = postSolution
		{B7053083-AEA3-4EB1-ABE7-0CFA831FC1EE}.Debug|Any CPU.ActiveCfg = Debug|Any CPU
		{B7053083-AEA3-4EB1-ABE7-0CFA831FC1EE}.Debug|Any CPU.Build.0 = Debug|Any CPU
		{B7053083-AEA3-4EB1-ABE7-0CFA831FC1EE}.Release|Any CPU.ActiveCfg = Release|Any CPU
		{B7053083-AEA3-4EB1-ABE7-0CFA831FC1EE}.Release|Any CPU.Build.0 = Release|Any CPU
	EndGlobalSection
	GlobalSection(SolutionProperties) = preSolution
		HideSolutionNode = FALSE
	EndGlobalSection
	GlobalSection(ExtensibilityGlobals) = postSolution
		SolutionGuid = {8E1A8520-5B51-40EB-B62D-66171ADD2968}
	EndGlobalSection
EndGlobal
